
Microsoft Visual Studio Solution File, Format Version 12.00
# Visual Studio 2013
VisualStudioVersion = 12.0.30723.0
MinimumVisualStudioVersion = 10.0.40219.1
Project("{FAE04EC0-301F-11D3-BF4B-00C04F79EFBC}") = "ShareWith", "ShareWith\ShareWith.csproj", "{358E7E66-474A-4862-9F75-56A670BBC26C}"
EndProject
Project("{FAE04EC0-301F-11D3-BF4B-00C04F79EFBC}") = "WFDWindows", "..\WFDWindows\WFDWindows\WFDWindows.csproj", "{3F3C9A3D-D672-43D0-B7D1-12DF099A0EDB}"
EndProject
Project("{FAE04EC0-301F-11D3-BF4B-00C04F79EFBC}") = "WinRTXamlToolkit", "..\..\..\Downloads\WinRT XAML Toolkit - 1.6.1.3 - Source\WinRTXamlToolkit\WinRTXamlToolkit.csproj", "{7B7966BE-213F-4B84-867D-2A0CCF61245F}"
EndProject
Global
	GlobalSection(SolutionConfigurationPlatforms) = preSolution
		Debug|Any CPU = Debug|Any CPU
		Debug|ARM = Debug|ARM
		Debug|x64 = Debug|x64
		Debug|x86 = Debug|x86
		Release|Any CPU = Release|Any CPU
		Release|ARM = Release|ARM
		Release|x64 = Release|x64
		Release|x86 = Release|x86
	EndGlobalSection
	GlobalSection(ProjectConfigurationPlatforms) = postSolution
		{358E7E66-474A-4862-9F75-56A670BBC26C}.Debug|Any CPU.ActiveCfg = Debug|Any CPU
		{358E7E66-474A-4862-9F75-56A670BBC26C}.Debug|Any CPU.Build.0 = Debug|Any CPU
		{358E7E66-474A-4862-9F75-56A670BBC26C}.Debug|Any CPU.Deploy.0 = Debug|Any CPU
		{358E7E66-474A-4862-9F75-56A670BBC26C}.Debug|ARM.ActiveCfg = Debug|ARM
		{358E7E66-474A-4862-9F75-56A670BBC26C}.Debug|ARM.Build.0 = Debug|ARM
		{358E7E66-474A-4862-9F75-56A670BBC26C}.Debug|ARM.Deploy.0 = Debug|ARM
		{358E7E66-474A-4862-9F75-56A670BBC26C}.Debug|x64.ActiveCfg = Debug|x64
		{358E7E66-474A-4862-9F75-56A670BBC26C}.Debug|x64.Build.0 = Debug|x64
		{358E7E66-474A-4862-9F75-56A670BBC26C}.Debug|x64.Deploy.0 = Debug|x64
		{358E7E66-474A-4862-9F75-56A670BBC26C}.Debug|x86.ActiveCfg = Debug|x86
		{358E7E66-474A-4862-9F75-56A670BBC26C}.Debug|x86.Build.0 = Debug|x86
		{358E7E66-474A-4862-9F75-56A670BBC26C}.Debug|x86.Deploy.0 = Debug|x86
		{358E7E66-474A-4862-9F75-56A670BBC26C}.Release|Any CPU.ActiveCfg = Release|Any CPU
		{358E7E66-474A-4862-9F75-56A670BBC26C}.Release|Any CPU.Build.0 = Release|Any CPU
		{358E7E66-474A-4862-9F75-56A670BBC26C}.Release|Any CPU.Deploy.0 = Release|Any CPU
		{358E7E66-474A-4862-9F75-56A670BBC26C}.Release|ARM.ActiveCfg = Release|ARM
		{358E7E66-474A-4862-9F75-56A670BBC26C}.Release|ARM.Build.0 = Release|ARM
		{358E7E66-474A-4862-9F75-56A670BBC26C}.Release|ARM.Deploy.0 = Release|ARM
		{358E7E66-474A-4862-9F75-56A670BBC26C}.Release|x64.ActiveCfg = Release|x64
		{358E7E66-474A-4862-9F75-56A670BBC26C}.Release|x64.Build.0 = Release|x64
		{358E7E66-474A-4862-9F75-56A670BBC26C}.Release|x64.Deploy.0 = Release|x64
		{358E7E66-474A-4862-9F75-56A670BBC26C}.Release|x86.ActiveCfg = Release|x86
		{358E7E66-474A-4862-9F75-56A670BBC26C}.Release|x86.Build.0 = Release|x86
		{358E7E66-474A-4862-9F75-56A670BBC26C}.Release|x86.Deploy.0 = Release|x86
		{3F3C9A3D-D672-43D0-B7D1-12DF099A0EDB}.Debug|Any CPU.ActiveCfg = Debug|Any CPU
		{3F3C9A3D-D672-43D0-B7D1-12DF099A0EDB}.Debug|Any CPU.Build.0 = Debug|Any CPU
		{3F3C9A3D-D672-43D0-B7D1-12DF099A0EDB}.Debug|ARM.ActiveCfg = Debug|Any CPU
		{3F3C9A3D-D672-43D0-B7D1-12DF099A0EDB}.Debug|x64.ActiveCfg = Debug|Any CPU
		{3F3C9A3D-D672-43D0-B7D1-12DF099A0EDB}.Debug|x86.ActiveCfg = Debug|Any CPU
		{3F3C9A3D-D672-43D0-B7D1-12DF099A0EDB}.Release|Any CPU.ActiveCfg = Release|Any CPU
		{3F3C9A3D-D672-43D0-B7D1-12DF099A0EDB}.Release|Any CPU.Build.0 = Release|Any CPU
		{3F3C9A3D-D672-43D0-B7D1-12DF099A0EDB}.Release|ARM.ActiveCfg = Release|Any CPU
		{3F3C9A3D-D672-43D0-B7D1-12DF099A0EDB}.Release|x64.ActiveCfg = Release|Any CPU
		{3F3C9A3D-D672-43D0-B7D1-12DF099A0EDB}.Release|x86.ActiveCfg = Release|Any CPU
		{7B7966BE-213F-4B84-867D-2A0CCF61245F}.Debug|Any CPU.ActiveCfg = Debug|Any CPU
		{7B7966BE-213F-4B84-867D-2A0CCF61245F}.Debug|Any CPU.Build.0 = Debug|Any CPU
		{7B7966BE-213F-4B84-867D-2A0CCF61245F}.Debug|ARM.ActiveCfg = Debug|ARM
		{7B7966BE-213F-4B84-867D-2A0CCF61245F}.Debug|ARM.Build.0 = Debug|ARM
		{7B7966BE-213F-4B84-867D-2A0CCF61245F}.Debug|x64.ActiveCfg = Debug|x64
		{7B7966BE-213F-4B84-867D-2A0CCF61245F}.Debug|x64.Build.0 = Debug|x64
		{7B7966BE-213F-4B84-867D-2A0CCF61245F}.Debug|x86.ActiveCfg = Debug|x86
		{7B7966BE-213F-4B84-867D-2A0CCF61245F}.Debug|x86.Build.0 = Debug|x86
		{7B7966BE-213F-4B84-867D-2A0CCF61245F}.Release|Any CPU.ActiveCfg = Release|Any CPU
		{7B7966BE-213F-4B84-867D-2A0CCF61245F}.Release|Any CPU.Build.0 = Release|Any CPU
		{7B7966BE-213F-4B84-867D-2A0CCF61245F}.Release|ARM.ActiveCfg = Release|ARM
		{7B7966BE-213F-4B84-867D-2A0CCF61245F}.Release|ARM.Build.0 = Release|ARM
		{7B7966BE-213F-4B84-867D-2A0CCF61245F}.Release|x64.ActiveCfg = Release|x64
		{7B7966BE-213F-4B84-867D-2A0CCF61245F}.Release|x64.Build.0 = Release|x64
		{7B7966BE-213F-4B84-867D-2A0CCF61245F}.Release|x86.ActiveCfg = Release|x86
		{7B7966BE-213F-4B84-867D-2A0CCF61245F}.Release|x86.Build.0 = Release|x86
	EndGlobalSection
	GlobalSection(SolutionProperties) = preSolution
		HideSolutionNode = FALSE
	EndGlobalSection
EndGlobal
